
Microsoft Visual Studio Solution File, Format Version 12.00
# Visual Studio Version 16
VisualStudioVersion = 16.0.30611.23
MinimumVisualStudioVersion = 10.0.40219.1
Project("{FAE04EC0-301F-11D3-BF4B-00C04F79EFBC}") = "Internatura", "Internatura\Internatura.csproj", "{A273B892-E7FE-4B71-83D0-9A3653D077CA}"
EndProject
Global
	GlobalSection(SolutionConfigurationPlatforms) = preSolution
		Debug|Any CPU = Debug|Any CPU
		Release|Any CPU = Release|Any CPU
	EndGlobalSection
	GlobalSection(ProjectConfigurationPlatforms) = postSolution
		{A273B892-E7FE-4B71-83D0-9A3653D077CA}.Debug|Any CPU.ActiveCfg = Debug|Any CPU
		{A273B892-E7FE-4B71-83D0-9A3653D077CA}.Debug|Any CPU.Build.0 = Debug|Any CPU
		{A273B892-E7FE-4B71-83D0-9A3653D077CA}.Release|Any CPU.ActiveCfg = Release|Any CPU
		{A273B892-E7FE-4B71-83D0-9A3653D077CA}.Release|Any CPU.Build.0 = Release|Any CPU
	EndGlobalSection
	GlobalSection(SolutionProperties) = preSolution
		HideSolutionNode = FALSE
	EndGlobalSection
	GlobalSection(ExtensibilityGlobals) = postSolution
		SolutionGuid = {3DD8105D-3E8F-4947-800A-502EBB5FFDDB}
	EndGlobalSection
EndGlobal
